
Microsoft Visual Studio Solution File, Format Version 12.00
# Visual Studio 15
VisualStudioVersion = 15.0.26730.15
MinimumVisualStudioVersion = 10.0.40219.1
Project("{FAE04EC0-301F-11D3-BF4B-00C04F79EFBC}") = "AquaAssist", "AquaAssist\AquaAssist.csproj", "{D2587C0D-57D5-4BA3-BD91-43E2DB9A696F}"
EndProject
Project("{FAE04EC0-301F-11D3-BF4B-00C04F79EFBC}") = "AquaAssist.CrossCutting", "AquaAssist.CrossCutting\AquaAssist.CrossCutting.csproj", "{FA7E4861-6251-403E-815E-2DEA220EC9A3}"
EndProject
Project("{FAE04EC0-301F-11D3-BF4B-00C04F79EFBC}") = "AquaAssist.Models", "AquaAssist.Models\AquaAssist.Models.csproj", "{EB2E99C3-CB82-45A2-8F60-15BE86CD1205}"
EndProject
Project("{FAE04EC0-301F-11D3-BF4B-00C04F79EFBC}") = "AquaAssist.Mobile.Android", "AquaAssist.Mobile\AquaAssist.Mobile.Android\AquaAssist.Mobile.Android.csproj", "{943ADCEB-58C0-494D-BBB1-5467ECD67EE9}"
EndProject
Project("{FAE04EC0-301F-11D3-BF4B-00C04F79EFBC}") = "AquaAssist.Mobile.iOS", "AquaAssist.Mobile\AquaAssist.Mobile.iOS\AquaAssist.Mobile.iOS.csproj", "{0D8C8B80-3C5C-4888-9EF7-A2092D83A383}"
EndProject
Project("{9A19103F-16F7-4668-BE54-9A1E7A4F7556}") = "AquaAssist.Mobile", "AquaAssist.Mobile\AquaAssist.Mobile\AquaAssist.Mobile.csproj", "{BC3FED3D-762A-4935-8041-0328928A73A3}"
EndProject
Project("{FAE04EC0-301F-11D3-BF4B-00C04F79EFBC}") = "AquaAssist.Communication", "AquaAssist.Communication\AquaAssist.Communication.csproj", "{BD63CD04-7AE7-4EC8-A165-0AFE6990B58E}"
EndProject
Global
	GlobalSection(SolutionConfigurationPlatforms) = preSolution
		Ad-Hoc|Any CPU = Ad-Hoc|Any CPU
		Ad-Hoc|iPhone = Ad-Hoc|iPhone
		Ad-Hoc|iPhoneSimulator = Ad-Hoc|iPhoneSimulator
		AppStore|Any CPU = AppStore|Any CPU
		AppStore|iPhone = AppStore|iPhone
		AppStore|iPhoneSimulator = AppStore|iPhoneSimulator
		Debug|Any CPU = Debug|Any CPU
		Debug|iPhone = Debug|iPhone
		Debug|iPhoneSimulator = Debug|iPhoneSimulator
		Release|Any CPU = Release|Any CPU
		Release|iPhone = Release|iPhone
		Release|iPhoneSimulator = Release|iPhoneSimulator
	EndGlobalSection
	GlobalSection(ProjectConfigurationPlatforms) = postSolution
		{D2587C0D-57D5-4BA3-BD91-43E2DB9A696F}.Ad-Hoc|Any CPU.ActiveCfg = Release|Any CPU
		{D2587C0D-57D5-4BA3-BD91-43E2DB9A696F}.Ad-Hoc|Any CPU.Build.0 = Release|Any CPU
		{D2587C0D-57D5-4BA3-BD91-43E2DB9A696F}.Ad-Hoc|iPhone.ActiveCfg = Release|Any CPU
		{D2587C0D-57D5-4BA3-BD91-43E2DB9A696F}.Ad-Hoc|iPhone.Build.0 = Release|Any CPU
		{D2587C0D-57D5-4BA3-BD91-43E2DB9A696F}.Ad-Hoc|iPhoneSimulator.ActiveCfg = Release|Any CPU
		{D2587C0D-57D5-4BA3-BD91-43E2DB9A696F}.Ad-Hoc|iPhoneSimulator.Build.0 = Release|Any CPU
		{D2587C0D-57D5-4BA3-BD91-43E2DB9A696F}.AppStore|Any CPU.ActiveCfg = Release|Any CPU
		{D2587C0D-57D5-4BA3-BD91-43E2DB9A696F}.AppStore|Any CPU.Build.0 = Release|Any CPU
		{D2587C0D-57D5-4BA3-BD91-43E2DB9A696F}.AppStore|iPhone.ActiveCfg = Release|Any CPU
		{D2587C0D-57D5-4BA3-BD91-43E2DB9A696F}.AppStore|iPhone.Build.0 = Release|Any CPU
		{D2587C0D-57D5-4BA3-BD91-43E2DB9A696F}.AppStore|iPhoneSimulator.ActiveCfg = Release|Any CPU
		{D2587C0D-57D5-4BA3-BD91-43E2DB9A696F}.AppStore|iPhoneSimulator.Build.0 = Release|Any CPU
		{D2587C0D-57D5-4BA3-BD91-43E2DB9A696F}.Debug|Any CPU.ActiveCfg = Debug|Any CPU
		{D2587C0D-57D5-4BA3-BD91-43E2DB9A696F}.Debug|Any CPU.Build.0 = Debug|Any CPU
		{D2587C0D-57D5-4BA3-BD91-43E2DB9A696F}.Debug|iPhone.ActiveCfg = Debug|Any CPU
		{D2587C0D-57D5-4BA3-BD91-43E2DB9A696F}.Debug|iPhone.Build.0 = Debug|Any CPU
		{D2587C0D-57D5-4BA3-BD91-43E2DB9A696F}.Debug|iPhoneSimulator.ActiveCfg = Debug|Any CPU
		{D2587C0D-57D5-4BA3-BD91-43E2DB9A696F}.Debug|iPhoneSimulator.Build.0 = Debug|Any CPU
		{D2587C0D-57D5-4BA3-BD91-43E2DB9A696F}.Release|Any CPU.ActiveCfg = Release|Any CPU
		{D2587C0D-57D5-4BA3-BD91-43E2DB9A696F}.Release|Any CPU.Build.0 = Release|Any CPU
		{D2587C0D-57D5-4BA3-BD91-43E2DB9A696F}.Release|iPhone.ActiveCfg = Release|Any CPU
		{D2587C0D-57D5-4BA3-BD91-43E2DB9A696F}.Release|iPhone.Build.0 = Release|Any CPU
		{D2587C0D-57D5-4BA3-BD91-43E2DB9A696F}.Release|iPhoneSimulator.ActiveCfg = Release|Any CPU
		{D2587C0D-57D5-4BA3-BD91-43E2DB9A696F}.Release|iPhoneSimulator.Build.0 = Release|Any CPU
		{FA7E4861-6251-403E-815E-2DEA220EC9A3}.Ad-Hoc|Any CPU.ActiveCfg = Release|Any CPU
		{FA7E4861-6251-403E-815E-2DEA220EC9A3}.Ad-Hoc|Any CPU.Build.0 = Release|Any CPU
		{FA7E4861-6251-403E-815E-2DEA220EC9A3}.Ad-Hoc|iPhone.ActiveCfg = Release|Any CPU
		{FA7E4861-6251-403E-815E-2DEA220EC9A3}.Ad-Hoc|iPhone.Build.0 = Release|Any CPU
		{FA7E4861-6251-403E-815E-2DEA220EC9A3}.Ad-Hoc|iPhoneSimulator.ActiveCfg = Release|Any CPU
		{FA7E4861-6251-403E-815E-2DEA220EC9A3}.Ad-Hoc|iPhoneSimulator.Build.0 = Release|Any CPU
		{FA7E4861-6251-403E-815E-2DEA220EC9A3}.AppStore|Any CPU.ActiveCfg = Release|Any CPU
		{FA7E4861-6251-403E-815E-2DEA220EC9A3}.AppStore|Any CPU.Build.0 = Release|Any CPU
		{FA7E4861-6251-403E-815E-2DEA220EC9A3}.AppStore|iPhone.ActiveCfg = Release|Any CPU
		{FA7E4861-6251-403E-815E-2DEA220EC9A3}.AppStore|iPhone.Build.0 = Release|Any CPU
		{FA7E4861-6251-403E-815E-2DEA220EC9A3}.AppStore|iPhoneSimulator.ActiveCfg = Release|Any CPU
		{FA7E4861-6251-403E-815E-2DEA220EC9A3}.AppStore|iPhoneSimulator.Build.0 = Release|Any CPU
		{FA7E4861-6251-403E-815E-2DEA220EC9A3}.Debug|Any CPU.ActiveCfg = Debug|Any CPU
		{FA7E4861-6251-403E-815E-2DEA220EC9A3}.Debug|Any CPU.Build.0 = Debug|Any CPU
		{FA7E4861-6251-403E-815E-2DEA220EC9A3}.Debug|iPhone.ActiveCfg = Debug|Any CPU
		{FA7E4861-6251-403E-815E-2DEA220EC9A3}.Debug|iPhone.Build.0 = Debug|Any CPU
		{FA7E4861-6251-403E-815E-2DEA220EC9A3}.Debug|iPhoneSimulator.ActiveCfg = Debug|Any CPU
		{FA7E4861-6251-403E-815E-2DEA220EC9A3}.Debug|iPhoneSimulator.Build.0 = Debug|Any CPU
		{FA7E4861-6251-403E-815E-2DEA220EC9A3}.Release|Any CPU.ActiveCfg = Release|Any CPU
		{FA7E4861-6251-403E-815E-2DEA220EC9A3}.Release|Any CPU.Build.0 = Release|Any CPU
		{FA7E4861-6251-403E-815E-2DEA220EC9A3}.Release|iPhone.ActiveCfg = Release|Any CPU
		{FA7E4861-6251-403E-815E-2DEA220EC9A3}.Release|iPhone.Build.0 = Release|Any CPU
		{FA7E4861-6251-403E-815E-2DEA220EC9A3}.Release|iPhoneSimulator.ActiveCfg = Release|Any CPU
		{FA7E4861-6251-403E-815E-2DEA220EC9A3}.Release|iPhoneSimulator.Build.0 = Release|Any CPU
		{EB2E99C3-CB82-45A2-8F60-15BE86CD1205}.Ad-Hoc|Any CPU.ActiveCfg = Release|Any CPU
		{EB2E99C3-CB82-45A2-8F60-15BE86CD1205}.Ad-Hoc|Any CPU.Build.0 = Release|Any CPU
		{EB2E99C3-CB82-45A2-8F60-15BE86CD1205}.Ad-Hoc|iPhone.ActiveCfg = Release|Any CPU
		{EB2E99C3-CB82-45A2-8F60-15BE86CD1205}.Ad-Hoc|iPhone.Build.0 = Release|Any CPU
		{EB2E99C3-CB82-45A2-8F60-15BE86CD1205}.Ad-Hoc|iPhoneSimulator.ActiveCfg = Release|Any CPU
		{EB2E99C3-CB82-45A2-8F60-15BE86CD1205}.Ad-Hoc|iPhoneSimulator.Build.0 = Release|Any CPU
		{EB2E99C3-CB82-45A2-8F60-15BE86CD1205}.AppStore|Any CPU.ActiveCfg = Release|Any CPU
		{EB2E99C3-CB82-45A2-8F60-15BE86CD1205}.AppStore|Any CPU.Build.0 = Release|Any CPU
		{EB2E99C3-CB82-45A2-8F60-15BE86CD1205}.AppStore|iPhone.ActiveCfg = Release|Any CPU
		{EB2E99C3-CB82-45A2-8F60-15BE86CD1205}.AppStore|iPhone.Build.0 = Release|Any CPU
		{EB2E99C3-CB82-45A2-8F60-15BE86CD1205}.AppStore|iPhoneSimulator.ActiveCfg = Release|Any CPU
		{EB2E99C3-CB82-45A2-8F60-15BE86CD1205}.AppStore|iPhoneSimulator.Build.0 = Release|Any CPU
		{EB2E99C3-CB82-45A2-8F60-15BE86CD1205}.Debug|Any CPU.ActiveCfg = Debug|Any CPU
		{EB2E99C3-CB82-45A2-8F60-15BE86CD1205}.Debug|Any CPU.Build.0 = Debug|Any CPU
		{EB2E99C3-CB82-45A2-8F60-15BE86CD1205}.Debug|iPhone.ActiveCfg = Debug|Any CPU
		{EB2E99C3-CB82-45A2-8F60-15BE86CD1205}.Debug|iPhone.Build.0 = Debug|Any CPU
		{EB2E99C3-CB82-45A2-8F60-15BE86CD1205}.Debug|iPhoneSimulator.ActiveCfg = Debug|Any CPU
		{EB2E99C3-CB82-45A2-8F60-15BE86CD1205}.Debug|iPhoneSimulator.Build.0 = Debug|Any CPU
		{EB2E99C3-CB82-45A2-8F60-15BE86CD1205}.Release|Any CPU.ActiveCfg = Release|Any CPU
		{EB2E99C3-CB82-45A2-8F60-15BE86CD1205}.Release|Any CPU.Build.0 = Release|Any CPU
		{EB2E99C3-CB82-45A2-8F60-15BE86CD1205}.Release|iPhone.ActiveCfg = Release|Any CPU
		{EB2E99C3-CB82-45A2-8F60-15BE86CD1205}.Release|iPhone.Build.0 = Release|Any CPU
		{EB2E99C3-CB82-45A2-8F60-15BE86CD1205}.Release|iPhoneSimulator.ActiveCfg = Release|Any CPU
		{EB2E99C3-CB82-45A2-8F60-15BE86CD1205}.Release|iPhoneSimulator.Build.0 = Release|Any CPU
		{943ADCEB-58C0-494D-BBB1-5467ECD67EE9}.Ad-Hoc|Any CPU.ActiveCfg = Release|Any CPU
		{943ADCEB-58C0-494D-BBB1-5467ECD67EE9}.Ad-Hoc|Any CPU.Build.0 = Release|Any CPU
		{943ADCEB-58C0-494D-BBB1-5467ECD67EE9}.Ad-Hoc|Any CPU.Deploy.0 = Release|Any CPU
		{943ADCEB-58C0-494D-BBB1-5467ECD67EE9}.Ad-Hoc|iPhone.ActiveCfg = Release|Any CPU
		{943ADCEB-58C0-494D-BBB1-5467ECD67EE9}.Ad-Hoc|iPhone.Build.0 = Release|Any CPU
		{943ADCEB-58C0-494D-BBB1-5467ECD67EE9}.Ad-Hoc|iPhone.Deploy.0 = Release|Any CPU
		{943ADCEB-58C0-494D-BBB1-5467ECD67EE9}.Ad-Hoc|iPhoneSimulator.ActiveCfg = Release|Any CPU
		{943ADCEB-58C0-494D-BBB1-5467ECD67EE9}.Ad-Hoc|iPhoneSimulator.Build.0 = Release|Any CPU
		{943ADCEB-58C0-494D-BBB1-5467ECD67EE9}.Ad-Hoc|iPhoneSimulator.Deploy.0 = Release|Any CPU
		{943ADCEB-58C0-494D-BBB1-5467ECD67EE9}.AppStore|Any CPU.ActiveCfg = Release|Any CPU
		{943ADCEB-58C0-494D-BBB1-5467ECD67EE9}.AppStore|Any CPU.Build.0 = Release|Any CPU
		{943ADCEB-58C0-494D-BBB1-5467ECD67EE9}.AppStore|Any CPU.Deploy.0 = Release|Any CPU
		{943ADCEB-58C0-494D-BBB1-5467ECD67EE9}.AppStore|iPhone.ActiveCfg = Release|Any CPU
		{943ADCEB-58C0-494D-BBB1-5467ECD67EE9}.AppStore|iPhone.Build.0 = Release|Any CPU
		{943ADCEB-58C0-494D-BBB1-5467ECD67EE9}.AppStore|iPhone.Deploy.0 = Release|Any CPU
		{943ADCEB-58C0-494D-BBB1-5467ECD67EE9}.AppStore|iPhoneSimulator.ActiveCfg = Release|Any CPU
		{943ADCEB-58C0-494D-BBB1-5467ECD67EE9}.AppStore|iPhoneSimulator.Build.0 = Release|Any CPU
		{943ADCEB-58C0-494D-BBB1-5467ECD67EE9}.AppStore|iPhoneSimulator.Deploy.0 = Release|Any CPU
		{943ADCEB-58C0-494D-BBB1-5467ECD67EE9}.Debug|Any CPU.ActiveCfg = Debug|Any CPU
		{943ADCEB-58C0-494D-BBB1-5467ECD67EE9}.Debug|Any CPU.Build.0 = Debug|Any CPU
		{943ADCEB-58C0-494D-BBB1-5467ECD67EE9}.Debug|Any CPU.Deploy.0 = Debug|Any CPU
		{943ADCEB-58C0-494D-BBB1-5467ECD67EE9}.Debug|iPhone.ActiveCfg = Debug|Any CPU
		{943ADCEB-58C0-494D-BBB1-5467ECD67EE9}.Debug|iPhone.Build.0 = Debug|Any CPU
		{943ADCEB-58C0-494D-BBB1-5467ECD67EE9}.Debug|iPhone.Deploy.0 = Debug|Any CPU
		{943ADCEB-58C0-494D-BBB1-5467ECD67EE9}.Debug|iPhoneSimulator.ActiveCfg = Debug|Any CPU
		{943ADCEB-58C0-494D-BBB1-5467ECD67EE9}.Debug|iPhoneSimulator.Build.0 = Debug|Any CPU
		{943ADCEB-58C0-494D-BBB1-5467ECD67EE9}.Debug|iPhoneSimulator.Deploy.0 = Debug|Any CPU
		{943ADCEB-58C0-494D-BBB1-5467ECD67EE9}.Release|Any CPU.ActiveCfg = Release|Any CPU
		{943ADCEB-58C0-494D-BBB1-5467ECD67EE9}.Release|Any CPU.Build.0 = Release|Any CPU
		{943ADCEB-58C0-494D-BBB1-5467ECD67EE9}.Release|Any CPU.Deploy.0 = Release|Any CPU
		{943ADCEB-58C0-494D-BBB1-5467ECD67EE9}.Release|iPhone.ActiveCfg = Release|Any CPU
		{943ADCEB-58C0-494D-BBB1-5467ECD67EE9}.Release|iPhone.Build.0 = Release|Any CPU
		{943ADCEB-58C0-494D-BBB1-5467ECD67EE9}.Release|iPhone.Deploy.0 = Release|Any CPU
		{943ADCEB-58C0-494D-BBB1-5467ECD67EE9}.Release|iPhoneSimulator.ActiveCfg = Release|Any CPU
		{943ADCEB-58C0-494D-BBB1-5467ECD67EE9}.Release|iPhoneSimulator.Build.0 = Release|Any CPU
		{943ADCEB-58C0-494D-BBB1-5467ECD67EE9}.Release|iPhoneSimulator.Deploy.0 = Release|Any CPU
		{0D8C8B80-3C5C-4888-9EF7-A2092D83A383}.Ad-Hoc|Any CPU.ActiveCfg = Ad-Hoc|iPhone
		{0D8C8B80-3C5C-4888-9EF7-A2092D83A383}.Ad-Hoc|iPhone.ActiveCfg = Ad-Hoc|iPhone
		{0D8C8B80-3C5C-4888-9EF7-A2092D83A383}.Ad-Hoc|iPhone.Build.0 = Ad-Hoc|iPhone
		{0D8C8B80-3C5C-4888-9EF7-A2092D83A383}.Ad-Hoc|iPhoneSimulator.ActiveCfg = Ad-Hoc|iPhoneSimulator
		{0D8C8B80-3C5C-4888-9EF7-A2092D83A383}.Ad-Hoc|iPhoneSimulator.Build.0 = Ad-Hoc|iPhoneSimulator
		{0D8C8B80-3C5C-4888-9EF7-A2092D83A383}.AppStore|Any CPU.ActiveCfg = AppStore|iPhone
		{0D8C8B80-3C5C-4888-9EF7-A2092D83A383}.AppStore|iPhone.ActiveCfg = AppStore|iPhone
		{0D8C8B80-3C5C-4888-9EF7-A2092D83A383}.AppStore|iPhone.Build.0 = AppStore|iPhone
		{0D8C8B80-3C5C-4888-9EF7-A2092D83A383}.AppStore|iPhoneSimulator.ActiveCfg = AppStore|iPhoneSimulator
		{0D8C8B80-3C5C-4888-9EF7-A2092D83A383}.AppStore|iPhoneSimulator.Build.0 = AppStore|iPhoneSimulator
		{0D8C8B80-3C5C-4888-9EF7-A2092D83A383}.Debug|Any CPU.ActiveCfg = Debug|iPhone
		{0D8C8B80-3C5C-4888-9EF7-A2092D83A383}.Debug|iPhone.ActiveCfg = Debug|iPhone
		{0D8C8B80-3C5C-4888-9EF7-A2092D83A383}.Debug|iPhone.Build.0 = Debug|iPhone
		{0D8C8B80-3C5C-4888-9EF7-A2092D83A383}.Debug|iPhoneSimulator.ActiveCfg = Debug|iPhoneSimulator
		{0D8C8B80-3C5C-4888-9EF7-A2092D83A383}.Debug|iPhoneSimulator.Build.0 = Debug|iPhoneSimulator
		{0D8C8B80-3C5C-4888-9EF7-A2092D83A383}.Release|Any CPU.ActiveCfg = Release|iPhone
		{0D8C8B80-3C5C-4888-9EF7-A2092D83A383}.Release|iPhone.ActiveCfg = Release|iPhone
		{0D8C8B80-3C5C-4888-9EF7-A2092D83A383}.Release|iPhone.Build.0 = Release|iPhone
		{0D8C8B80-3C5C-4888-9EF7-A2092D83A383}.Release|iPhoneSimulator.ActiveCfg = Release|iPhoneSimulator
		{0D8C8B80-3C5C-4888-9EF7-A2092D83A383}.Release|iPhoneSimulator.Build.0 = Release|iPhoneSimulator
		{BC3FED3D-762A-4935-8041-0328928A73A3}.Ad-Hoc|Any CPU.ActiveCfg = Debug|Any CPU
		{BC3FED3D-762A-4935-8041-0328928A73A3}.Ad-Hoc|Any CPU.Build.0 = Debug|Any CPU
		{BC3FED3D-762A-4935-8041-0328928A73A3}.Ad-Hoc|iPhone.ActiveCfg = Debug|Any CPU
		{BC3FED3D-762A-4935-8041-0328928A73A3}.Ad-Hoc|iPhone.Build.0 = Debug|Any CPU
		{BC3FED3D-762A-4935-8041-0328928A73A3}.Ad-Hoc|iPhoneSimulator.ActiveCfg = Debug|Any CPU
		{BC3FED3D-762A-4935-8041-0328928A73A3}.Ad-Hoc|iPhoneSimulator.Build.0 = Debug|Any CPU
		{BC3FED3D-762A-4935-8041-0328928A73A3}.AppStore|Any CPU.ActiveCfg = Debug|Any CPU
		{BC3FED3D-762A-4935-8041-0328928A73A3}.AppStore|Any CPU.Build.0 = Debug|Any CPU
		{BC3FED3D-762A-4935-8041-0328928A73A3}.AppStore|iPhone.ActiveCfg = Debug|Any CPU
		{BC3FED3D-762A-4935-8041-0328928A73A3}.AppStore|iPhone.Build.0 = Debug|Any CPU
		{BC3FED3D-762A-4935-8041-0328928A73A3}.AppStore|iPhoneSimulator.ActiveCfg = Debug|Any CPU
		{BC3FED3D-762A-4935-8041-0328928A73A3}.AppStore|iPhoneSimulator.Build.0 = Debug|Any CPU
		{BC3FED3D-762A-4935-8041-0328928A73A3}.Debug|Any CPU.ActiveCfg = Debug|Any CPU
		{BC3FED3D-762A-4935-8041-0328928A73A3}.Debug|Any CPU.Build.0 = Debug|Any CPU
		{BC3FED3D-762A-4935-8041-0328928A73A3}.Debug|iPhone.ActiveCfg = Debug|Any CPU
		{BC3FED3D-762A-4935-8041-0328928A73A3}.Debug|iPhone.Build.0 = Debug|Any CPU
		{BC3FED3D-762A-4935-8041-0328928A73A3}.Debug|iPhoneSimulator.ActiveCfg = Debug|Any CPU
		{BC3FED3D-762A-4935-8041-0328928A73A3}.Debug|iPhoneSimulator.Build.0 = Debug|Any CPU
		{BC3FED3D-762A-4935-8041-0328928A73A3}.Release|Any CPU.ActiveCfg = Release|Any CPU
		{BC3FED3D-762A-4935-8041-0328928A73A3}.Release|Any CPU.Build.0 = Release|Any CPU
		{BC3FED3D-762A-4935-8041-0328928A73A3}.Release|iPhone.ActiveCfg = Release|Any CPU
		{BC3FED3D-762A-4935-8041-0328928A73A3}.Release|iPhone.Build.0 = Release|Any CPU
		{BC3FED3D-762A-4935-8041-0328928A73A3}.Release|iPhoneSimulator.ActiveCfg = Release|Any CPU
		{BC3FED3D-762A-4935-8041-0328928A73A3}.Release|iPhoneSimulator.Build.0 = Release|Any CPU
		{BD63CD04-7AE7-4EC8-A165-0AFE6990B58E}.Ad-Hoc|Any CPU.ActiveCfg = Release|Any CPU
		{BD63CD04-7AE7-4EC8-A165-0AFE6990B58E}.Ad-Hoc|Any CPU.Build.0 = Release|Any CPU
		{BD63CD04-7AE7-4EC8-A165-0AFE6990B58E}.Ad-Hoc|iPhone.ActiveCfg = Release|Any CPU
		{BD63CD04-7AE7-4EC8-A165-0AFE6990B58E}.Ad-Hoc|iPhone.Build.0 = Release|Any CPU
		{BD63CD04-7AE7-4EC8-A165-0AFE6990B58E}.Ad-Hoc|iPhoneSimulator.ActiveCfg = Release|Any CPU
		{BD63CD04-7AE7-4EC8-A165-0AFE6990B58E}.Ad-Hoc|iPhoneSimulator.Build.0 = Release|Any CPU
		{BD63CD04-7AE7-4EC8-A165-0AFE6990B58E}.AppStore|Any CPU.ActiveCfg = Release|Any CPU
		{BD63CD04-7AE7-4EC8-A165-0AFE6990B58E}.AppStore|Any CPU.Build.0 = Release|Any CPU
		{BD63CD04-7AE7-4EC8-A165-0AFE6990B58E}.AppStore|iPhone.ActiveCfg = Release|Any CPU
		{BD63CD04-7AE7-4EC8-A165-0AFE6990B58E}.AppStore|iPhone.Build.0 = Release|Any CPU
		{BD63CD04-7AE7-4EC8-A165-0AFE6990B58E}.AppStore|iPhoneSimulator.ActiveCfg = Release|Any CPU
		{BD63CD04-7AE7-4EC8-A165-0AFE6990B58E}.AppStore|iPhoneSimulator.Build.0 = Release|Any CPU
		{BD63CD04-7AE7-4EC8-A165-0AFE6990B58E}.Debug|Any CPU.ActiveCfg = Debug|Any CPU
		{BD63CD04-7AE7-4EC8-A165-0AFE6990B58E}.Debug|Any CPU.Build.0 = Debug|Any CPU
		{BD63CD04-7AE7-4EC8-A165-0AFE6990B58E}.Debug|iPhone.ActiveCfg = Debug|Any CPU
		{BD63CD04-7AE7-4EC8-A165-0AFE6990B58E}.Debug|iPhone.Build.0 = Debug|Any CPU
		{BD63CD04-7AE7-4EC8-A165-0AFE6990B58E}.Debug|iPhoneSimulator.ActiveCfg = Debug|Any CPU
		{BD63CD04-7AE7-4EC8-A165-0AFE6990B58E}.Debug|iPhoneSimulator.Build.0 = Debug|Any CPU
		{BD63CD04-7AE7-4EC8-A165-0AFE6990B58E}.Release|Any CPU.ActiveCfg = Release|Any CPU
		{BD63CD04-7AE7-4EC8-A165-0AFE6990B58E}.Release|Any CPU.Build.0 = Release|Any CPU
		{BD63CD04-7AE7-4EC8-A165-0AFE6990B58E}.Release|iPhone.ActiveCfg = Release|Any CPU
		{BD63CD04-7AE7-4EC8-A165-0AFE6990B58E}.Release|iPhone.Build.0 = Release|Any CPU
		{BD63CD04-7AE7-4EC8-A165-0AFE6990B58E}.Release|iPhoneSimulator.ActiveCfg = Release|Any CPU
		{BD63CD04-7AE7-4EC8-A165-0AFE6990B58E}.Release|iPhoneSimulator.Build.0 = Release|Any CPU
	EndGlobalSection
	GlobalSection(SolutionProperties) = preSolution
		HideSolutionNode = FALSE
	EndGlobalSection
	GlobalSection(ExtensibilityGlobals) = postSolution
		SolutionGuid = {F2FCC2B9-63E4-4B48-A8B1-2FD2EC5DBA99}
	EndGlobalSection
EndGlobal
